# Auto-generated by dotagents. Do not edit.
version = 1

[skills.dex]
source = "dcramer/dex"
resolved_url = "https://github.com/dcramer/dex.git"
resolved_path = "plugins/dex/skills/dex"
commit = "939f6cbb3b13b202929560a98e7f7df6e7a11abe"
integrity = "sha256-hHFBi95s42ugCGCcej1Z8zFhEr9Udxn69QqjixarjDg="
