# Auto-generated by `djls-corpus lock`. Do not edit.

[[package]]
name = "django"
version = "6.0"
resolved = "6.0.2"
url = "https://files.pythonhosted.org/packages/26/3e/a1c4207c5dea4697b7a3387e26584919ba987d8f9320f59dc0b5c557a4eb/django-6.0.2.tar.gz"
sha256 = "3046a53b0e40d4b676c3b774c73411d7184ae2745fe8ce5e45c0f33d3ddb71a7"

[[package]]
name = "django"
version = "5.2"
resolved = "5.2.11"
url = "https://files.pythonhosted.org/packages/17/f2/3e57ef696b95067e05ae206171e47a8e53b9c84eec56198671ef9eaa51a6/django-5.2.11.tar.gz"
sha256 = "7f2d292ad8b9ee35e405d965fbbad293758b858c34bbf7f3df551aeeac6f02d3"

[[package]]
name = "django"
version = "4.2"
resolved = "4.2.28"
url = "https://files.pythonhosted.org/packages/fa/a9/25b75b11a4c7a6efe1661c181afe504992e0659ca6eedb72a065cdd91a25/django-4.2.28.tar.gz"
sha256 = "a4b9cd881991add394cafa8bb3b11ad1742d1e1470ba99c3ef53dc540316ccfe"

[[package]]
name = "django-activity-stream"
version = "2.0.0"
resolved = "2.0.0"
url = "https://files.pythonhosted.org/packages/ff/38/6e3effa1633930183f027d5b89392fef159a6aa45fe9b50b6fdb46bc0ba2/django-activity-stream-2.0.0.tar.gz"
sha256 = "33a467ba9b9a9969cbed76b2fd65e94a19928e48f0ec2b2e5bb1855177036ed2"

[[package]]
name = "django-allauth"
version = "65.14.1"
resolved = "65.14.1"
url = "https://files.pythonhosted.org/packages/fb/02/549b6f41ba3e55d4e2cf8e181cdf57b50035a3c0bdddb710a7df0b24efb0/django_allauth-65.14.1.tar.gz"
sha256 = "2467656d0adc835607e407847054979ab5a943778f6eb8980ed2a29eee6c5790"

[[package]]
name = "django-avatar"
version = "9.0.0"
resolved = "9.0.0"
url = "https://files.pythonhosted.org/packages/ec/06/d599ec534b6bce2348f2beb1317fb2e9ace730eb6e61cbd0b3c08c47014a/django_avatar-9.0.0.tar.gz"
sha256 = "55a816df3adc02891aaa11dae1ad72a9f281a586b0a1f703ebaf9cc3a2b0f46d"

[[package]]
name = "django-bootstrap3"
version = "26.1"
resolved = "26.1"
url = "https://files.pythonhosted.org/packages/f7/71/289b22cc19292e9a035a5a89277ef40ac3072b3bc52b12b00dadfbd9a3ba/django_bootstrap3-26.1.tar.gz"
sha256 = "c437ec3bf19d9ef0b7554664b4dbea27c73fbd9927f8c7aa20559c68d38e8eea"

[[package]]
name = "django-cms"
version = "5.0.5"
resolved = "5.0.5"
url = "https://files.pythonhosted.org/packages/27/46/4e59e5c707280a472072414f22b67597f48fef6ace9bfcb0019625e644ad/django_cms-5.0.5.tar.gz"
sha256 = "56f33fed820acfc326bf08d9a4a75e6ad3a1c1e027a0352c5444fe124e1d6bfd"

[[package]]
name = "django-compressor"
version = "4.6.0"
resolved = "4.6.0"
url = "https://files.pythonhosted.org/packages/a2/e4/c6d87b1341d744ceafa85eeceb2adabb1c62b795b8207cbc580fb70df8f4/django_compressor-4.6.0.tar.gz"
sha256 = "c7478feab98f3368780591f9ee28a433350f5277dd28811f7f710f5bc6dff3c0"

[[package]]
name = "django-crispy-forms"
version = "2.5"
resolved = "2.5"
url = "https://files.pythonhosted.org/packages/79/a1/6a638d13717e4d4f8df169dade0fa51bdc65d9825df39d98ce709a776b49/django_crispy_forms-2.5.tar.gz"
sha256 = "066e72a8f152a1334f1c811cc37740868efe3265e5a218f79079ef89f848c3d8"

[[package]]
name = "django-debug-toolbar"
version = "6.2.0"
resolved = "6.2.0"
url = "https://files.pythonhosted.org/packages/f1/4d/6acf660500d3d581bfc19460d9605cdf14c275640f35825da1329eaafafa/django_debug_toolbar-6.2.0.tar.gz"
sha256 = "dc1c174d8fb0ea01435e02d9ceef735cf62daf37c1a6a5692d33b4127327679b"

[[package]]
name = "django-fastdev"
version = "1.13.0"
resolved = "1.13.0"
url = "https://files.pythonhosted.org/packages/ca/b0/67cc7b0ebc130deb786ce574c37aa4c7c0c450372cfcd886fa7251d1047d/django_fastdev-1.13.0.tar.gz"
sha256 = "15246f8745c176e2fb6d023a5b5e3921e6276eccbe49c6213756aea1527f4174"

[[package]]
name = "django-forms-bootstrap"
version = "3.1.0"
resolved = "3.1.0"
url = "https://files.pythonhosted.org/packages/c2/14/e80f3fefad1e5ec0a7031e6810b0e75b18914250b697a584dd0b8f6c3935/django-forms-bootstrap-3.1.0.tar.gz"
sha256 = "ffc6d2b9fba03e2366884e82f613daf1284702e9346746e0e9de299db8138d6f"

[[package]]
name = "django-formset-js-improved"
version = "0.5.0.5"
resolved = "0.5.0.5"
url = "https://files.pythonhosted.org/packages/14/44/96673466ba091aa56c1c2d2d4e9c4c18d73fa3109ac29e207eec671b5b2e/django_formset_js_improved-0.5.0.5.tar.gz"
sha256 = "374dd339a14321683e6aa9be7098bf56bb4bdeb93bd42ccacc73374c7a055dad"

[[package]]
name = "django-guardian"
version = "3.2.0"
resolved = "3.2.0"
url = "https://files.pythonhosted.org/packages/e2/f9/bcff6a931298b9eb55e1550b55ab964fab747f594ba6d2d81cbe19736c5f/django_guardian-3.2.0.tar.gz"
sha256 = "9e18ecd2e211b665972690c2d03d27bce0ea4932b5efac24a4bb9d526950a69e"

[[package]]
name = "django-htmx"
version = "1.27.0"
resolved = "1.27.0"
url = "https://files.pythonhosted.org/packages/34/f2/8c3e28a5eed8e5226835c762892bfef74eda7e8629c65b49c186098eb303/django_htmx-1.27.0.tar.gz"
sha256 = "036e5da801bfdf5f1ca815f21592cfb9f004a898f330c842f15e55c70e301a75"

[[package]]
name = "django-imagekit"
version = "6.0.0"
resolved = "6.0.0"
url = "https://files.pythonhosted.org/packages/77/41/e0892f6924f48e6b3ea81da066697c558c287d70ef2e5de8c4a092da092b/django_imagekit-6.0.0.tar.gz"
sha256 = "66a28fa87b52d2bec382cf3405aa94535dae25b2cadaceab9e8ec3f253b7410c"

[[package]]
name = "django-import-export"
version = "4.4.0"
resolved = "4.4.0"
url = "https://files.pythonhosted.org/packages/22/26/279bc8e6cb2c83d1b5dcdca07e932207c3352af11c6d305d6964a2d03ccc/django_import_export-4.4.0.tar.gz"
sha256 = "9900e99c89027594941074fb4cd63a5f2964975e239021765c0f066003fcd412"

[[package]]
name = "django-markdownify"
version = "0.9.6"
resolved = "0.9.6"
url = "https://files.pythonhosted.org/packages/45/65/f3630c4cc20511b9c9f222a9005373a7fbd303e3233befd7a163200e631a/django_markdownify-0.9.6.tar.gz"
sha256 = "edcf47b2026d55a8439049d35c8b54e11066a4856c4fad1060e139cb3d2eee52"

[[package]]
name = "django-oscar"
version = "4.1"
resolved = "4.1"
url = "https://files.pythonhosted.org/packages/9b/66/597e7404b1f205c0c53632b10c7e49f4971a690856cda929e85513b42eb9/django_oscar-4.1.tar.gz"
sha256 = "b240584d147364064852fa254a4c76707a023feb25334af97574dac7f874b2bd"

[[package]]
name = "django-permission"
version = "1.0.5"
resolved = "1.0.5"
url = "https://files.pythonhosted.org/packages/6d/61/49689c81076c25b533217dd673dd9d81acdbe3a4b190276ab947251d6f61/django-permission-1.0.5.tar.gz"
sha256 = "66ac4c3a41e77f96d99394f186945211e4e9958bddbea5a55ee0c02d295b71bc"

[[package]]
name = "django-pipeline"
version = "4.1.0"
resolved = "4.1.0"
url = "https://files.pythonhosted.org/packages/1c/7b/2f78ccdad9f45a3d4f709950160f9d7e5009b2b8bec8ef636025ec89b62e/django_pipeline-4.1.0.tar.gz"
sha256 = "aa1d79df6f215b78396cdd50ed162f8741dc4993e9fba2c78483d9b6f1e722b4"

[[package]]
name = "django-qr-code"
version = "4.2.0"
resolved = "4.2.0"
url = "https://files.pythonhosted.org/packages/09/47/631537614f8d82e74340b172a0f810e9ff455b4fec7499a7ec55d25ebee2/django_qr_code-4.2.0.tar.gz"
sha256 = "902d463fa2de95e4fcbe7d5c99b1d0f0cd5e2617a1d599a51395b59f61d36c21"

[[package]]
name = "django-sekizai"
version = "4.1.0"
resolved = "4.1.0"
url = "https://files.pythonhosted.org/packages/be/b7/399f7d84fa34c67e7c8e1da39744c9a2f83b61fa600c854cbe43bf6aab56/django-sekizai-4.1.0.tar.gz"
sha256 = "2aca36cbae0b5c0cefed9565416ec442335767fb3145bff11e58622fc653cdad"

[[package]]
name = "django-simple-history"
version = "3.11.0"
resolved = "3.11.0"
url = "https://files.pythonhosted.org/packages/a8/11/410049f1454b99a78f719d3403fc89437c2a38ee092e939d5ab8d4846738/django_simple_history-3.11.0.tar.gz"
sha256 = "2c587479cf2c3071e9aa555d0d11b73676994db4910770958f57659ade2deffe"

[[package]]
name = "django-statici18n"
version = "2.6.0"
resolved = "2.6.0"
url = "https://files.pythonhosted.org/packages/d4/49/5ee0aa96bf35945f338f625da8f5b659c7e873ff880b831980d3d50619b1/django_statici18n-2.6.0.tar.gz"
sha256 = "87ed5adb15d6b32d20f438df76f39f16cc5804f452a8785bebc64729ff08cfb4"

[[package]]
name = "django-tables2"
version = "2.8.0"
resolved = "2.8.0"
url = "https://files.pythonhosted.org/packages/28/ab/3533314e818b04a9e1f04ae167845fec509f4e78ebaa6cf507d12eabcce3/django_tables2-2.8.0.tar.gz"
sha256 = "0dea3401bb99a0164ba09e20d59a7d90856fdc05e5ae2da9a14d0fa14d99257c"

[[package]]
name = "django-typogrify"
version = "1.3.3"
resolved = "1.3.3"
url = "https://files.pythonhosted.org/packages/a4/c2/5d00152927a02a4f775c1726be0cd47302f5e724560a964758eba5fb7ae4/django-typogrify-1.3.3.tar.gz"
sha256 = "deffbb85ddd0c94bed6063ab7ad241b72e0f3e7c3160d9ea5f6388177901541e"

[[package]]
name = "django-unfold"
version = "1.0.0"
resolved = "1.0.0"
url = "https://files.pythonhosted.org/packages/d7/44/c3456b93e00f2b082d2577fcc35e50e5ff98828c930cc55a1d133bb046a7/django_unfold-1.0.0.tar.gz"
sha256 = "128f165fc7f3ae524b8acfdfaaa4719d5b71b75c30e92d73cca6a42e94b21a5f"

[[package]]
name = "django-widget-tweaks"
version = "1.5.1"
resolved = "1.5.1"
url = "https://files.pythonhosted.org/packages/01/6d/d1b5a3ae3bccfee96e10315373298cea51e5e0d6853d022181b7b0861a4d/django_widget_tweaks-1.5.1.tar.gz"
sha256 = "084acc9eeb5a3208f2670522de6284287973e54d54488ce6d402f4b99bc5f452"

[[package]]
name = "horizon"
version = "25.5.1"
resolved = "25.5.1"
url = "https://files.pythonhosted.org/packages/71/2d/8fef31d6b66c947e834266d25a680cd1a5515770982faa33d5998673b2ef/horizon-25.5.1.tar.gz"
sha256 = "a8f7628e2aacdc2fd5496176bb36c640bfdab798a45a2b3ade1c5a8b563f4a7f"

[[package]]
name = "sorl-thumbnail"
version = "13.0.0"
resolved = "13.0.0"
url = "https://files.pythonhosted.org/packages/c4/d8/038201e8fc4bda7f7905c41155af70fc0d15f94f90baac52f04ea66ad3af/sorl_thumbnail-13.0.0.tar.gz"
sha256 = "75f1f22fa742846917ca4774cd4c578cd802ff5e4f6f53328735c3a38264ee49"

[[package]]
name = "wagtail"
version = "7.3"
resolved = "7.3"
url = "https://files.pythonhosted.org/packages/59/cf/c707a97e68d3edba40d1706457cc32f3c7679aa72dc43a4470cf58bca6f8/wagtail-7.3.tar.gz"
sha256 = "81c3449652b17341fc794d65bdd208ae9e15f21743e8a6ca6bc2ce2e7b7312ce"

[[package]]
name = "wagtail"
version = "7.2"
resolved = "7.2.2"
url = "https://files.pythonhosted.org/packages/83/42/5fee22c57ae36492c5e9f7875178a59b9558a6ae8e0258c37b2590c7a0e9/wagtail-7.2.2.tar.gz"
sha256 = "bf6adaa3acd90d9ee7734756dd7031b0901eedb80a4aa4e5188ab1e481ce30be"

[[package]]
name = "wagtail"
version = "7.0"
resolved = "7.0.4"
url = "https://files.pythonhosted.org/packages/bb/03/09d88f704e039568125341d71aba0aa53966e5b61a02f0a94e93c427303e/wagtail-7.0.4.tar.gz"
sha256 = "241841ff27019accbc73055c7a39249dec21262f94a9c5db8239659d2e6916af"

[[package]]
name = "wagtail"
version = "6.3"
resolved = "6.3.6"
url = "https://files.pythonhosted.org/packages/5b/9a/b7527da94d5f559df33cf29ae6549e935b1065ec16da7c0627745c4be3aa/wagtail-6.3.6.tar.gz"
sha256 = "53831f6febd7c00b572ca6494bda7de8dd28e10e648d56c721e8e8a61aba0515"

[[repo]]
name = "archivebox"
url = "https://github.com/ArchiveBox/ArchiveBox.git"
tag = "dev"
ref = "17e26ae5a4a42a9f10979a716f600f63b08c3dcc"

[[repo]]
name = "babybuddy"
url = "https://github.com/babybuddy/babybuddy.git"
tag = "master"
ref = "6ce518f3612ae1ee8d49de3434aacf48e15c0724"

[[repo]]
name = "geonode"
url = "https://github.com/GeoNode/geonode.git"
tag = "master"
ref = "644f81babe072bcf6565362a3570f7a180bccd91"

[[repo]]
name = "inventree"
url = "https://github.com/inventree/InvenTree.git"
tag = "master"
ref = "1c1933b694c477f7dedea718252d27e32f8970b1"

[[repo]]
name = "linkding"
url = "https://github.com/sissbruecker/linkding.git"
tag = "master"
ref = "dfbba202758e4db60bf188cc9fce49281832871d"

[[repo]]
name = "misago"
url = "https://github.com/rafalp/Misago.git"
tag = "main"
ref = "b4469c4952f4ea77d7d3e4805e84440fda524956"

[[repo]]
name = "netbox"
url = "https://github.com/netbox-community/netbox.git"
tag = "main"
ref = "23f1c86e9c17332ad4dd28ff6a89d2331bdb2de6"

[[repo]]
name = "newsblur"
url = "https://github.com/samuelclay/NewsBlur.git"
tag = "main"
ref = "08323cb372c310feed8cd7f215057c8903fc27aa"

[[repo]]
name = "pretix"
url = "https://github.com/pretix/pretix.git"
tag = "master"
ref = "d7b7d3cc5f1446f89b8fc4858db9fd1dbcefc3fb"

[[repo]]
name = "sentry"
url = "https://github.com/getsentry/sentry.git"
tag = "26.1.0"
ref = "faf322d6052a8fedb8813c1471949a701bfd49c7"
