# Auto-generated by `djls-corpus lock`. Do not edit.

[[repo]]
name = "archivebox"
url = "https://github.com/ArchiveBox/ArchiveBox.git"
tag = "dev"
ref = "a0be8fe7715ce5a9b0876e55e4eaee122b70fbad"
license = "MIT"

[[repo]]
name = "babybuddy"
url = "https://github.com/babybuddy/babybuddy.git"
tag = "master"
ref = "6ce518f3612ae1ee8d49de3434aacf48e15c0724"
license = "BSD-2-Clause"

[[repo]]
name = "django-activity-stream"
url = "https://github.com/justquick/django-activity-stream.git"
tag = "2.0.0"
ref = "a7df85e3aec2ddc7e512d05a405d038528a00c36"
license = "BSD-3-Clause"

[[repo]]
name = "django-allauth"
url = "https://github.com/pennersr/django-allauth.git"
tag = "65.14.1"
ref = "c91320aa05c96ac605f4ac18ca6749ec51aaf6ae"
license = "MIT"

[[repo]]
name = "django-avatar"
url = "https://github.com/jazzband/django-avatar.git"
tag = "v9.0.0"
ref = "12e4745f296466b9df5201e90e43fbfbc791b9b6"
license = "BSD-3-Clause"

[[repo]]
name = "django-baton"
url = "https://github.com/otto-torino/django-baton.git"
tag = "master"
ref = "ef398761cff1a885f1c37799cd17186e54e4b081"
license = "MIT"

[[repo]]
name = "django-bootstrap3"
url = "https://github.com/zostera/django-bootstrap3.git"
tag = "v26.1"
ref = "1ba6c43c3b2ac0a91ad9e52cad55efab66849381"
license = "BSD-3-Clause"

[[repo]]
name = "django-cms"
url = "https://github.com/django-cms/django-cms.git"
tag = "5.0.5"
ref = "6e970e6c4894ecd1459fedc6f2c00617a923a740"

[[repo]]
name = "django-compressor"
url = "https://github.com/django-compressor/django-compressor.git"
tag = "4.6"
ref = "3ada994897cf982f97fc4c934be42eb1e0b71b9a"

[[repo]]
name = "django-crispy-forms"
url = "https://github.com/django-crispy-forms/django-crispy-forms.git"
tag = "2.5"
ref = "65fa8ae065638da101851807937bb89ae1b5687e"
license = "MIT"

[[repo]]
name = "django-crm"
url = "https://github.com/DjangoCRM/django-crm.git"
tag = "main"
ref = "cdfe2a04ed2ebd446a65f9633fcd592b80ddd88f"
license = "AGPL-3.0"

[[repo]]
name = "django-debug-toolbar"
url = "https://github.com/django-debug-toolbar/django-debug-toolbar.git"
tag = "6.2.0"
ref = "0b7c8d8edee201bd535b6d40a94a0f1167cf9867"
license = "BSD-3-Clause"

[[repo]]
name = "django-fastdev"
url = "https://github.com/boxed/django-fastdev.git"
tag = "1.13.0"
ref = "4db673681de1a0fc60c71c7f1aea321b0dd1f4bf"
license = "BSD-3-Clause"

[[repo]]
name = "django-forms-bootstrap"
url = "https://github.com/pinax/django-forms-bootstrap.git"
tag = "v3.1.0"
ref = "75ed135e6ce6b49264bd95126c5c500ff64800b2"

[[repo]]
name = "django-formset-js-improved"
url = "https://github.com/pretix/django-formset-js.git"
tag = "0.5.0.5"
ref = "c50427fe3da556364fc142b400dfacc273e7a96b"
license = "BSD-2-Clause"

[[repo]]
name = "django-grappelli"
url = "https://github.com/sehmaschine/django-grappelli.git"
tag = "4.0.3"
ref = "46c58fc151c471d48bf597602db61c5b5a405af3"

[[repo]]
name = "django-guardian"
url = "https://github.com/django-guardian/django-guardian.git"
tag = "3.2.0"
ref = "4120d00c28c1b6d3bacb988f6db86bacf91ed0f1"

[[repo]]
name = "django-htmx"
url = "https://github.com/adamchainz/django-htmx.git"
tag = "1.27.0"
ref = "7416a03816ed7478beafbb55d296591278e08059"
license = "MIT"

[[repo]]
name = "django-imagekit"
url = "https://github.com/matthewwithanm/django-imagekit.git"
tag = "6.0"
ref = "f6b689f1e9d28d5417cf45ae1723fc22f7852dc6"
license = "BSD-3-Clause"

[[repo]]
name = "django-import-export"
url = "https://github.com/django-import-export/django-import-export.git"
tag = "4.4.0"
ref = "c8a10790bbb39c9bfc6f8e87d818a3aeee95d854"
license = "BSD-2-Clause"

[[repo]]
name = "django-jazzmin"
url = "https://github.com/farridav/django-jazzmin.git"
tag = "v3.0.2"
ref = "d269874c96fe5ff6d231c3017cdd4650bc2f3105"
license = "MIT"

[[repo]]
name = "django-markdownify"
url = "https://github.com/erwinmatijsen/django-markdownify.git"
tag = "0.9.6"
ref = "f40a6fa93095c89d8db51a3def0a9888c59f7583"
license = "MIT"

[[repo]]
name = "django-oscar"
url = "https://github.com/django-oscar/django-oscar.git"
tag = "4.1"
ref = "8c4c1b30bf6a47cff1010335b6dd165189ca3a97"
license = "BSD-3-Clause"

[[repo]]
name = "django-permission"
url = "https://github.com/lambdalisue/django-permission.git"
tag = "v1.0.3"
ref = "9e08269f326a18ddb52480eaddc9761d77068faa"
license = "MIT"

[[repo]]
name = "django-pipeline"
url = "https://github.com/jazzband/django-pipeline.git"
tag = "4.1.0"
ref = "d404c473f05ccb12959a667da1d8b86710a83fdc"
license = "MIT"

[[repo]]
name = "django-qr-code"
url = "https://github.com/dprog-philippe-docourt/django-qr-code.git"
tag = "4.2.0"
ref = "f29c364e16b8d0a5fe07ada6135f5814765db08b"
license = "BSD-3-Clause"

[[repo]]
name = "django-sekizai"
url = "https://github.com/django-cms/django-sekizai.git"
tag = "4.1.0"
ref = "9f9a11a5fc50dc530016d9e33631775aadc5ff46"

[[repo]]
name = "django-simple-history"
url = "https://github.com/jazzband/django-simple-history.git"
tag = "3.11.0"
ref = "6afee6dc7f23a45e4f1198bb908dd5659ae1a7a3"
license = "BSD-3-Clause"

[[repo]]
name = "django-statici18n"
url = "https://github.com/zyegfryed/django-statici18n.git"
tag = "v2.6.0"
ref = "e698d27a90204a2c91718be4be4e3fa087c99f6d"

[[repo]]
name = "django-tables2"
url = "https://github.com/jieter/django-tables2.git"
tag = "v2.8.0"
ref = "9bb1a06b46099ebec732bb0152209746fffe25ee"

[[repo]]
name = "django-typogrify"
url = "https://github.com/chrisdrackett/django-typogrify.git"
tag = "master"
ref = "fb47a3bbbf7adfa524879cb3e61517f8c3cb73dc"

[[repo]]
name = "django-unfold"
url = "https://github.com/unfoldadmin/django-unfold.git"
tag = "0.80.1"
ref = "b662f1716c0589a526a3ff67a93cbe067e8dbbd7"

[[repo]]
name = "django-widget-tweaks"
url = "https://github.com/jazzband/django-widget-tweaks.git"
tag = "1.5.1"
ref = "93b601137eaba07924b7258c7d5496fb8a6d48b8"

[[repo]]
name = "django-4.2"
url = "https://github.com/django/django.git"
tag = "4.2.28"
ref = "20c71f6b91324cf401056c72136c14e0ec2bf7bf"

[[repo]]
name = "django-5.2"
url = "https://github.com/django/django.git"
tag = "5.2.11"
ref = "4a96a199bbb1d3dca45ea16bf643216e179cb8bc"

[[repo]]
name = "django-6.0"
url = "https://github.com/django/django.git"
tag = "6.0.2"
ref = "ba00558ddac694d92b05d12ecd2a5b7fcc1de025"

[[repo]]
name = "djangopackages.org"
url = "https://github.com/djangopackages/djangopackages.git"
tag = "main"
ref = "34d03dc1c5b6a53bc9d5a45c3ce4f85ff7ede78b"

[[repo]]
name = "djangoproject.com"
url = "https://github.com/django/djangoproject.com.git"
tag = "main"
ref = "a330cd49551e5c2a6e5a7a2bfe6a51a796f50bc1"

[[repo]]
name = "geonode"
url = "https://github.com/GeoNode/geonode.git"
tag = "master"
ref = "ec146e5bb7cd2e4a9d93a02637ceea08634f69c6"

[[repo]]
name = "healthchecks"
url = "https://github.com/healthchecks/healthchecks.git"
tag = "master"
ref = "07117ff8213472957a7c6e1cc99a3bd2afaef9c7"

[[repo]]
name = "horizon"
url = "https://github.com/openstack/horizon.git"
tag = "25.5.1"
ref = "127319128b147f0b6ed45c429eeeeb57605f9478"

[[repo]]
name = "hyperkitty"
url = "https://gitlab.com/mailman/hyperkitty.git"
tag = "1.3.12"
ref = "4aae98f7cd5b29e73d3069c72a5284142c55151a"
license = "gpl-3.0"

[[repo]]
name = "inventree"
url = "https://github.com/inventree/InvenTree.git"
tag = "master"
ref = "7c92ecbe9081f7b1266fcadae6baddbfeb9a7518"

[[repo]]
name = "linkding"
url = "https://github.com/sissbruecker/linkding.git"
tag = "master"
ref = "dfbba202758e4db60bf188cc9fce49281832871d"

[[repo]]
name = "misago"
url = "https://github.com/rafalp/Misago.git"
tag = "main"
ref = "b4469c4952f4ea77d7d3e4805e84440fda524956"

[[repo]]
name = "netbox"
url = "https://github.com/netbox-community/netbox.git"
tag = "main"
ref = "29004297692dd0b669c2605c93506f38e288f8c8"

[[repo]]
name = "nomnom"
url = "https://github.com/WorldconVotingSystems/nomnom.git"
tag = "main"
ref = "bd64e1e80aabeb48a64a4ec6fa7acc03f7a7c6cc"

[[repo]]
name = "pretix"
url = "https://github.com/pretix/pretix.git"
tag = "master"
ref = "1c305e4b30bcaca8f4ff065485a6533a416e1793"

[[repo]]
name = "pythonic-news"
url = "https://github.com/sebst/pythonic-news.git"
tag = "master"
ref = "3a6d03985f405b427d6e88d3462b9703ec2908e6"

[[repo]]
name = "readthedocs.org"
url = "https://github.com/readthedocs/readthedocs.org.git"
tag = "main"
ref = "cd0aaf15085a2bd045fdc9f8495e28f48ccab671"

[[repo]]
name = "sentry"
url = "https://github.com/getsentry/sentry.git"
tag = "26.1.0"
ref = "faf322d6052a8fedb8813c1471949a701bfd49c7"

[[repo]]
name = "simonwillison.net"
url = "https://github.com/simonw/simonwillisonblog.git"
tag = "main"
ref = "01d7f2bac83c4546cdd361673872a6e12a474a14"

[[repo]]
name = "sorl-thumbnail"
url = "https://github.com/jazzband/sorl-thumbnail.git"
tag = "13.0.0"
ref = "a115216ade073691aa6c20f29c673a548d336ca4"

[[repo]]
name = "wagtail-6.3"
url = "https://github.com/wagtail/wagtail.git"
tag = "v6.3.6"
ref = "18dddaee3b6fb4af3d3b368f3e2e5ee8a020b765"

[[repo]]
name = "wagtail-7.0"
url = "https://github.com/wagtail/wagtail.git"
tag = "v7.0.4"
ref = "ae831dd4c926ee122fe39b0b6c9226c9ebf237b0"

[[repo]]
name = "wagtail-7.2"
url = "https://github.com/wagtail/wagtail.git"
tag = "v7.2.2"
ref = "e1e1783f9cfbe81f80c4f3b6140b0b7cef1a3513"

[[repo]]
name = "wagtail-7.3"
url = "https://github.com/wagtail/wagtail.git"
tag = "v7.3"
ref = "0d3367a33ed4798b725afe653351a118270117e7"
